PODS:
  - Flutter (1.0.0)
  - flutter_shieldfraud (1.0.16):
    - Flutter
    - ShieldFraud (>= 1.5.46)
  - ShieldFraud (1.5.55)

DEPENDENCIES:
  - Flutter (from `Flutter`)
  - flutter_shieldfraud (from `.symlinks/plugins/flutter_shieldfraud/ios`)

SPEC REPOS:
  trunk:
    - ShieldFraud

EXTERNAL SOURCES:
  Flutter:
    :path: Flutter
  flutter_shieldfraud:
    :path: ".symlinks/plugins/flutter_shieldfraud/ios"

SPEC CHECKSUMS:
  Flutter: e0871f40cf51350855a761d2e70bf5af5b9b5de7
  flutter_shieldfraud: 7b5a9ba072547481c90f58532c66de2604146970
  ShieldFraud: 6ac1c9f60a79a0fc9a90b1cf6d8d307cf2e6c7c8

PODFILE CHECKSUM: bf9df0de4bae0ee00dea9fe0a30806ca7786d555

COCOAPODS: 1.16.2
