PODS:
  - Flutter (1.0.0)
  - flutter_shieldfraud (1.0.10):
    - Flutter
    - ShieldFraud (= 1.5.28)
  - ShieldFraud (1.5.28)

DEPENDENCIES:
  - Flutter (from `Flutter`)
  - flutter_shieldfraud (from `.symlinks/plugins/flutter_shieldfraud/ios`)

SPEC REPOS:
  trunk:
    - ShieldFraud

EXTERNAL SOURCES:
  Flutter:
    :path: Flutter
  flutter_shieldfraud:
    :path: ".symlinks/plugins/flutter_shieldfraud/ios"

SPEC CHECKSUMS:
  Flutter: f04841e97a9d0b0a8025694d0796dd46242b2854
  flutter_shieldfraud: 91df076b14ccafc4e2f4cd2a4c48933419afe69a
  ShieldFraud: d79af5280f65ba8b99188bffec32c33df18931ff

PODFILE CHECKSUM: d08e30077a700e78308d8611dd3c9a470302f88a

COCOAPODS: 1.12.1
